// !$*UTF8*$!
{
	archiveVersion = 1;
	classes = {
	};
	objectVersion = 46;
	objects = {

/* Begin PBXBuildFile section */
		9310B5101ADC3BDD00D45CF3 /* Reachability.swift in Sources */ = {isa = PBXBuildFile; fileRef = 9310B50F1ADC3BDD00D45CF3 /* Reachability.swift */; };
		933454C41AB75C4A00E5C65E /* Agency.swift in Sources */ = {isa = PBXBuildFile; fileRef = 933454C21AB75C4A00E5C65E /* Agency.swift */; };
		933454C51AB75C4A00E5C65E /* User.swift in Sources */ = {isa = PBXBuildFile; fileRef = 933454C31AB75C4A00E5C65E /* User.swift */; };
		935D24BF1AC1DCBB00A2854D /* AgencyVessel.swift in Sources */ = {isa = PBXBuildFile; fileRef = 935D24BE1AC1DCBB00A2854D /* AgencyVessel.swift */; };
		935D24C11AC1E1D500A2854D /* PatrolLog.swift in Sources */ = {isa = PBXBuildFile; fileRef = 935D24C01AC1E1D500A2854D /* PatrolLog.swift */; };
		935D24C31AC1E3C100A2854D /* FreeTextCrew.swift in Sources */ = {isa = PBXBuildFile; fileRef = 935D24C21AC1E3C100A2854D /* FreeTextCrew.swift */; };
		935D24C51AC1E4E800A2854D /* Species.swift in Sources */ = {isa = PBXBuildFile; fileRef = 935D24C41AC1E4E800A2854D /* Species.swift */; };
		935D24C71AC1E57500A2854D /* Port.swift in Sources */ = {isa = PBXBuildFile; fileRef = 935D24C61AC1E57500A2854D /* Port.swift */; };
		935D24C91AC1E5F200A2854D /* Activity.swift in Sources */ = {isa = PBXBuildFile; fileRef = 935D24C81AC1E5F200A2854D /* Activity.swift */; };
		935D24CB1AC1E78900A2854D /* Catch.swift in Sources */ = {isa = PBXBuildFile; fileRef = 935D24CA1AC1E78900A2854D /* Catch.swift */; };
		935D24CD1AC1E82500A2854D /* RegulatoryCode.swift in Sources */ = {isa = PBXBuildFile; fileRef = 935D24CC1AC1E82500A2854D /* RegulatoryCode.swift */; };
		935D24CF1AC1E8C000A2854D /* ContactType.swift in Sources */ = {isa = PBXBuildFile; fileRef = 935D24CE1AC1E8C000A2854D /* ContactType.swift */; };
		935D24D11AC2117200A2854D /* VesselType.swift in Sources */ = {isa = PBXBuildFile; fileRef = 935D24D01AC2117200A2854D /* VesselType.swift */; };
		935D24D31AC211DE00A2854D /* Vessel.swift in Sources */ = {isa = PBXBuildFile; fileRef = 935D24D21AC211DE00A2854D /* Vessel.swift */; };
		935D24D51AC212C200A2854D /* Fishery.swift in Sources */ = {isa = PBXBuildFile; fileRef = 935D24D41AC212C200A2854D /* Fishery.swift */; };
		935D24D71AC212EF00A2854D /* Person.swift in Sources */ = {isa = PBXBuildFile; fileRef = 935D24D61AC212EF00A2854D /* Person.swift */; };
		935D24D91AC213D500A2854D /* Action.swift in Sources */ = {isa = PBXBuildFile; fileRef = 935D24D81AC213D500A2854D /* Action.swift */; };
		935D24DB1AC2140E00A2854D /* Photo.swift in Sources */ = {isa = PBXBuildFile; fileRef = 935D24DA1AC2140E00A2854D /* Photo.swift */; };
		935D24DD1AC2149300A2854D /* ViolationType.swift in Sources */ = {isa = PBXBuildFile; fileRef = 935D24DC1AC2149300A2854D /* ViolationType.swift */; };
		935D24DF1AC2153D00A2854D /* EnforcementActionType.swift in Sources */ = {isa = PBXBuildFile; fileRef = 935D24DE1AC2153D00A2854D /* EnforcementActionType.swift */; };
		935D24E11AC215AB00A2854D /* EnforcementActionTaken.swift in Sources */ = {isa = PBXBuildFile; fileRef = 935D24E01AC215AB00A2854D /* EnforcementActionTaken.swift */; };
		935D24E31AC3548200A2854D /* EfinsModel.swift in Sources */ = {isa = PBXBuildFile; fileRef = 935D24E21AC3548200A2854D /* EfinsModel.swift */; };
		939C2AF91ADC6317008E2748 /* RLMSupport.swift in Sources */ = {isa = PBXBuildFile; fileRef = 939C2AF81ADC6317008E2748 /* RLMSupport.swift */; };
		93BE828E1ADED37F002C7EFE /* libc++.dylib in Frameworks */ = {isa = PBXBuildFile; fileRef = 93BE828D1ADED37F002C7EFE /* libc++.dylib */; };
		93E701F01AB0E6C800BD179E /* DataSync.swift in Sources */ = {isa = PBXBuildFile; fileRef = 93E701EF1AB0E6C800BD179E /* DataSync.swift */; };
		C2D23E5308706D97FF932B04 /* Pods.framework in Frameworks */ = {isa = PBXBuildFile; fileRef = 5D70047102BE3CA65EBCD536 /* Pods.framework */; settings = {ATTRIBUTES = (Weak, ); }; };
		CB0076711AE6E7BC00AD0590 /* PersonForm.storyboard in Resources */ = {isa = PBXBuildFile; fileRef = CB0076701AE6E7BC00AD0590 /* PersonForm.storyboard */; };
		CB0076731AE6EBD200AD0590 /* PersonFormTableViewController.swift in Sources */ = {isa = PBXBuildFile; fileRef = CB0076721AE6EBD200AD0590 /* PersonFormTableViewController.swift */; };
		CB03EED71AB8E1B9004CCB47 /* SettingsViewController.swift in Sources */ = {isa = PBXBuildFile; fileRef = CB03EED61AB8E1B9004CCB47 /* SettingsViewController.swift */; };
		CB17869C1AF2A28200D08E73 /* CDFWRecContactTableViewController.swift in Sources */ = {isa = PBXBuildFile; fileRef = CB17869B1AF2A28200D08E73 /* CDFWRecContactTableViewController.swift */; };
		CB1F54791AEEB19D00D286F1 /* PhotoList.storyboard in Resources */ = {isa = PBXBuildFile; fileRef = CB1F54781AEEB19D00D286F1 /* PhotoList.storyboard */; };
		CB1F547B1AEEB38C00D286F1 /* PhotosCollectionViewController.swift in Sources */ = {isa = PBXBuildFile; fileRef = CB1F547A1AEEB38C00D286F1 /* PhotosCollectionViewController.swift */; };
		CB3B42BE1AE85F92004E9D60 /* DayDatePicker.storyboard in Resources */ = {isa = PBXBuildFile; fileRef = CB3B42BD1AE85F92004E9D60 /* DayDatePicker.storyboard */; };
		CB3B42C01AE85FE5004E9D60 /* DayDatePickerTableViewController.swift in Sources */ = {isa = PBXBuildFile; fileRef = CB3B42BF1AE85FE5004E9D60 /* DayDatePickerTableViewController.swift */; };
		CB81E9301AAA21F70071C2D2 /* AppDelegate.swift in Sources */ = {isa = PBXBuildFile; fileRef = CB81E92F1AAA21F70071C2D2 /* AppDelegate.swift */; };
		CB81E9321AAA21F70071C2D2 /* FirstViewController.swift in Sources */ = {isa = PBXBuildFile; fileRef = CB81E9311AAA21F70071C2D2 /* FirstViewController.swift */; };
		CB81E9341AAA21F70071C2D2 /* SecondViewController.swift in Sources */ = {isa = PBXBuildFile; fileRef = CB81E9331AAA21F70071C2D2 /* SecondViewController.swift */; };
		CB81E9371AAA21F70071C2D2 /* Main.storyboard in Resources */ = {isa = PBXBuildFile; fileRef = CB81E9351AAA21F70071C2D2 /* Main.storyboard */; };
		CB81E9391AAA21F70071C2D2 /* Images.xcassets in Resources */ = {isa = PBXBuildFile; fileRef = CB81E9381AAA21F70071C2D2 /* Images.xcassets */; };
		CB81E93C1AAA21F70071C2D2 /* LaunchScreen.xib in Resources */ = {isa = PBXBuildFile; fileRef = CB81E93A1AAA21F70071C2D2 /* LaunchScreen.xib */; };
		CB81E9481AAA21F80071C2D2 /* eFins_iOSTests.swift in Sources */ = {isa = PBXBuildFile; fileRef = CB81E9471AAA21F80071C2D2 /* eFins_iOSTests.swift */; };
		CBA0330D1AF02B2A006838C6 /* PhotoCollectionViewCell.swift in Sources */ = {isa = PBXBuildFile; fileRef = CBA0330C1AF02B2A006838C6 /* PhotoCollectionViewCell.swift */; };
		CBCE35A41AC1EB2F005C6CA8 /* ActivityLogTableViewController.swift in Sources */ = {isa = PBXBuildFile; fileRef = CBCE35A31AC1EB2F005C6CA8 /* ActivityLogTableViewController.swift */; };
		CBCE35A71AC1F763005C6CA8 /* DatePicker.storyboard in Resources */ = {isa = PBXBuildFile; fileRef = CBCE35A61AC1F763005C6CA8 /* DatePicker.storyboard */; };
		CBCE35A91AC1F7CD005C6CA8 /* DatePickerTableViewController.swift in Sources */ = {isa = PBXBuildFile; fileRef = CBCE35A81AC1F7CD005C6CA8 /* DatePickerTableViewController.swift */; };
		CBD00BAB1AB0E6A300ED784E /* RegistrationIncompleteViewController.swift in Sources */ = {isa = PBXBuildFile; fileRef = CBD00BAA1AB0E6A300ED784E /* RegistrationIncompleteViewController.swift */; };
		CBD00BAD1AB0F79700ED784E /* Constants.swift in Sources */ = {isa = PBXBuildFile; fileRef = CBD00BAC1AB0F79700ED784E /* Constants.swift */; };
		CBE117FA1ACB2A7800BC229F /* RelationTableViewCell.swift in Sources */ = {isa = PBXBuildFile; fileRef = CBE117F91ACB2A7800BC229F /* RelationTableViewCell.swift */; };
		CBE117FF1ACC8C5400BC229F /* OneToMany.storyboard in Resources */ = {isa = PBXBuildFile; fileRef = CBE117FE1ACC8C5400BC229F /* OneToMany.storyboard */; };
		CBE118031ACC8FAC00BC229F /* OneToManyTableViewController.swift in Sources */ = {isa = PBXBuildFile; fileRef = CBE118021ACC8FAC00BC229F /* OneToManyTableViewController.swift */; };
		CBE118081ACDE6A600BC229F /* PickerTableViewController.swift in Sources */ = {isa = PBXBuildFile; fileRef = CBE118071ACDE6A600BC229F /* PickerTableViewController.swift */; };
		CBE272E01AC3564600A4F236 /* LogbookTableViewController.swift in Sources */ = {isa = PBXBuildFile; fileRef = CBE272DF1AC3564600A4F236 /* LogbookTableViewController.swift */; };
		CBE77B2E1AE1878B00197FF5 /* VesselForm.storyboard in Resources */ = {isa = PBXBuildFile; fileRef = CBE77B2D1AE1878B00197FF5 /* VesselForm.storyboard */; };
		CBE77B301AE18A1B00197FF5 /* VesselFormTableViewController.swift in Sources */ = {isa = PBXBuildFile; fileRef = CBE77B2F1AE18A1B00197FF5 /* VesselFormTableViewController.swift */; };
		CBE77B321AE1A19A00197FF5 /* ItemForm.swift in Sources */ = {isa = PBXBuildFile; fileRef = CBE77B311AE1A19A00197FF5 /* ItemForm.swift */; };
		CBEAFA071AAA234B00C8A85A /* MapViewController.swift in Sources */ = {isa = PBXBuildFile; fileRef = CBEAFA061AAA234B00C8A85A /* MapViewController.swift */; };
		CBF9850F1AAE010500C4F721 /* Login.storyboard in Resources */ = {isa = PBXBuildFile; fileRef = CBF9850D1AAE010500C4F721 /* Login.storyboard */; };
		CBF985101AAE010500C4F721 /* LoginViewController.swift in Sources */ = {isa = PBXBuildFile; fileRef = CBF9850E1AAE010500C4F721 /* LoginViewController.swift */; };
/* End PBXBuildFile section */

/* Begin PBXContainerItemProxy section */
		CB81E9421AAA21F80071C2D2 /* PBXContainerItemProxy */ = {
			isa = PBXContainerItemProxy;
			containerPortal = CB81E9221AAA21F70071C2D2 /* Project object */;
			proxyType = 1;
			remoteGlobalIDString = CB81E9291AAA21F70071C2D2;
			remoteInfo = "eFins-iOS";
		};
/* End PBXContainerItemProxy section */

/* Begin PBXCopyFilesBuildPhase section */
		935887531AB0D6A70089CDE8 /* Copy Frameworks */ = {
			isa = PBXCopyFilesBuildPhase;
			buildActionMask = 2147483647;
			dstPath = "";
			dstSubfolderSpec = 10;
			files = (
			);
			name = "Copy Frameworks";
			runOnlyForDeploymentPostprocessing = 0;
		};
/* End PBXCopyFilesBuildPhase section */

/* Begin PBXFileReference section */
		5D70047102BE3CA65EBCD536 /* Pods.framework */ = {isa = PBXFileReference; explicitFileType = wrapper.framework; includeInIndex = 0; path = Pods.framework; sourceTree = BUILT_PRODUCTS_DIR; };
		793C641AC78FACAF6D5F6BBD /* Pods.debug.xcconfig */ = {isa = PBXFileReference; includeInIndex = 1; lastKnownFileType = text.xcconfig; name = Pods.debug.xcconfig; path = "Pods/Target Support Files/Pods/Pods.debug.xcconfig"; sourceTree = "<group>"; };
		9310B50F1ADC3BDD00D45CF3 /* Reachability.swift */ = {isa = PBXFileReference; fileEncoding = 4; lastKnownFileType = sourcecode.swift; path = Reachability.swift; sourceTree = "<group>"; };
		933454C21AB75C4A00E5C65E /* Agency.swift */ = {isa = PBXFileReference; fileEncoding = 4; lastKnownFileType = sourcecode.swift; path = Agency.swift; sourceTree = "<group>"; };
		933454C31AB75C4A00E5C65E /* User.swift */ = {isa = PBXFileReference; fileEncoding = 4; lastKnownFileType = sourcecode.swift; path = User.swift; sourceTree = "<group>"; };
		935D24BE1AC1DCBB00A2854D /* AgencyVessel.swift */ = {isa = PBXFileReference; fileEncoding = 4; lastKnownFileType = sourcecode.swift; path = AgencyVessel.swift; sourceTree = "<group>"; };
		935D24C01AC1E1D500A2854D /* PatrolLog.swift */ = {isa = PBXFileReference; fileEncoding = 4; lastKnownFileType = sourcecode.swift; path = PatrolLog.swift; sourceTree = "<group>"; };
		935D24C21AC1E3C100A2854D /* FreeTextCrew.swift */ = {isa = PBXFileReference; fileEncoding = 4; lastKnownFileType = sourcecode.swift; path = FreeTextCrew.swift; sourceTree = "<group>"; };
		935D24C41AC1E4E800A2854D /* Species.swift */ = {isa = PBXFileReference; fileEncoding = 4; lastKnownFileType = sourcecode.swift; path = Species.swift; sourceTree = "<group>"; };
		935D24C61AC1E57500A2854D /* Port.swift */ = {isa = PBXFileReference; fileEncoding = 4; lastKnownFileType = sourcecode.swift; path = Port.swift; sourceTree = "<group>"; };
		935D24C81AC1E5F200A2854D /* Activity.swift */ = {isa = PBXFileReference; fileEncoding = 4; lastKnownFileType = sourcecode.swift; path = Activity.swift; sourceTree = "<group>"; };
		935D24CA1AC1E78900A2854D /* Catch.swift */ = {isa = PBXFileReference; fileEncoding = 4; lastKnownFileType = sourcecode.swift; path = Catch.swift; sourceTree = "<group>"; };
		935D24CC1AC1E82500A2854D /* RegulatoryCode.swift */ = {isa = PBXFileReference; fileEncoding = 4; lastKnownFileType = sourcecode.swift; path = RegulatoryCode.swift; sourceTree = "<group>"; };
		935D24CE1AC1E8C000A2854D /* ContactType.swift */ = {isa = PBXFileReference; fileEncoding = 4; lastKnownFileType = sourcecode.swift; path = ContactType.swift; sourceTree = "<group>"; };
		935D24D01AC2117200A2854D /* VesselType.swift */ = {isa = PBXFileReference; fileEncoding = 4; lastKnownFileType = sourcecode.swift; path = VesselType.swift; sourceTree = "<group>"; };
		935D24D21AC211DE00A2854D /* Vessel.swift */ = {isa = PBXFileReference; fileEncoding = 4; lastKnownFileType = sourcecode.swift; path = Vessel.swift; sourceTree = "<group>"; };
		935D24D41AC212C200A2854D /* Fishery.swift */ = {isa = PBXFileReference; fileEncoding = 4; lastKnownFileType = sourcecode.swift; path = Fishery.swift; sourceTree = "<group>"; };
		935D24D61AC212EF00A2854D /* Person.swift */ = {isa = PBXFileReference; fileEncoding = 4; lastKnownFileType = sourcecode.swift; path = Person.swift; sourceTree = "<group>"; };
		935D24D81AC213D500A2854D /* Action.swift */ = {isa = PBXFileReference; fileEncoding = 4; lastKnownFileType = sourcecode.swift; path = Action.swift; sourceTree = "<group>"; };
		935D24DA1AC2140E00A2854D /* Photo.swift */ = {isa = PBXFileReference; fileEncoding = 4; lastKnownFileType = sourcecode.swift; path = Photo.swift; sourceTree = "<group>"; };
		935D24DC1AC2149300A2854D /* ViolationType.swift */ = {isa = PBXFileReference; fileEncoding = 4; lastKnownFileType = sourcecode.swift; path = ViolationType.swift; sourceTree = "<group>"; };
		935D24DE1AC2153D00A2854D /* EnforcementActionType.swift */ = {isa = PBXFileReference; fileEncoding = 4; lastKnownFileType = sourcecode.swift; path = EnforcementActionType.swift; sourceTree = "<group>"; };
		935D24E01AC215AB00A2854D /* EnforcementActionTaken.swift */ = {isa = PBXFileReference; fileEncoding = 4; lastKnownFileType = sourcecode.swift; path = EnforcementActionTaken.swift; sourceTree = "<group>"; };
		935D24E21AC3548200A2854D /* EfinsModel.swift */ = {isa = PBXFileReference; fileEncoding = 4; lastKnownFileType = sourcecode.swift; path = EfinsModel.swift; sourceTree = "<group>"; };
		939C2AF81ADC6317008E2748 /* RLMSupport.swift */ = {isa = PBXFileReference; fileEncoding = 4; lastKnownFileType = sourcecode.swift; path = RLMSupport.swift; sourceTree = "<group>"; };
		93BE828D1ADED37F002C7EFE /* libc++.dylib */ = {isa = PBXFileReference; lastKnownFileType = "compiled.mach-o.dylib"; name = "libc++.dylib"; path = "usr/lib/libc++.dylib"; sourceTree = SDKROOT; };
		93BE82921ADEDCBC002C7EFE /* Realm.framework */ = {isa = PBXFileReference; lastKnownFileType = wrapper.framework; path = Realm.framework; sourceTree = "<group>"; };
		93E701EF1AB0E6C800BD179E /* DataSync.swift */ = {isa = PBXFileReference; fileEncoding = 4; lastKnownFileType = sourcecode.swift; path = DataSync.swift; sourceTree = "<group>"; };
		CB0076701AE6E7BC00AD0590 /* PersonForm.storyboard */ = {isa = PBXFileReference; fileEncoding = 4; lastKnownFileType = file.storyboard; path = PersonForm.storyboard; sourceTree = "<group>"; };
		CB0076721AE6EBD200AD0590 /* PersonFormTableViewController.swift */ = {isa = PBXFileReference; fileEncoding = 4; lastKnownFileType = sourcecode.swift; path = PersonFormTableViewController.swift; sourceTree = "<group>"; };
		CB03EED61AB8E1B9004CCB47 /* SettingsViewController.swift */ = {isa = PBXFileReference; fileEncoding = 4; lastKnownFileType = sourcecode.swift; path = SettingsViewController.swift; sourceTree = "<group>"; };
		CB17869B1AF2A28200D08E73 /* CDFWRecContactTableViewController.swift */ = {isa = PBXFileReference; fileEncoding = 4; lastKnownFileType = sourcecode.swift; path = CDFWRecContactTableViewController.swift; sourceTree = "<group>"; };
		CB1F54781AEEB19D00D286F1 /* PhotoList.storyboard */ = {isa = PBXFileReference; fileEncoding = 4; lastKnownFileType = file.storyboard; path = PhotoList.storyboard; sourceTree = "<group>"; };
		CB1F547A1AEEB38C00D286F1 /* PhotosCollectionViewController.swift */ = {isa = PBXFileReference; fileEncoding = 4; lastKnownFileType = sourcecode.swift; path = PhotosCollectionViewController.swift; sourceTree = "<group>"; };
		CB3B42BD1AE85F92004E9D60 /* DayDatePicker.storyboard */ = {isa = PBXFileReference; fileEncoding = 4; lastKnownFileType = file.storyboard; path = DayDatePicker.storyboard; sourceTree = "<group>"; };
		CB3B42BF1AE85FE5004E9D60 /* DayDatePickerTableViewController.swift */ = {isa = PBXFileReference; fileEncoding = 4; lastKnownFileType = sourcecode.swift; path = DayDatePickerTableViewController.swift; sourceTree = "<group>"; };
		CB81E92A1AAA21F70071C2D2 /* eFins.app */ = {isa = PBXFileReference; explicitFileType = wrapper.application; includeInIndex = 0; path = eFins.app; sourceTree = BUILT_PRODUCTS_DIR; };
		CB81E92E1AAA21F70071C2D2 /* Info.plist */ = {isa = PBXFileReference; lastKnownFileType = text.plist.xml; path = Info.plist; sourceTree = "<group>"; };
		CB81E92F1AAA21F70071C2D2 /* AppDelegate.swift */ = {isa = PBXFileReference; lastKnownFileType = sourcecode.swift; path = AppDelegate.swift; sourceTree = "<group>"; };
		CB81E9311AAA21F70071C2D2 /* FirstViewController.swift */ = {isa = PBXFileReference; lastKnownFileType = sourcecode.swift; path = FirstViewController.swift; sourceTree = "<group>"; };
		CB81E9331AAA21F70071C2D2 /* SecondViewController.swift */ = {isa = PBXFileReference; lastKnownFileType = sourcecode.swift; path = SecondViewController.swift; sourceTree = "<group>"; };
		CB81E9361AAA21F70071C2D2 /* Base */ = {isa = PBXFileReference; lastKnownFileType = file.storyboard; name = Base; path = Base.lproj/Main.storyboard; sourceTree = "<group>"; };
		CB81E9381AAA21F70071C2D2 /* Images.xcassets */ = {isa = PBXFileReference; lastKnownFileType = folder.assetcatalog; path = Images.xcassets; sourceTree = "<group>"; };
		CB81E93B1AAA21F70071C2D2 /* Base */ = {isa = PBXFileReference; lastKnownFileType = file.xib; name = Base; path = Base.lproj/LaunchScreen.xib; sourceTree = "<group>"; };
		CB81E9411AAA21F80071C2D2 /* eFins-iOSTests.xctest */ = {isa = PBXFileReference; explicitFileType = wrapper.cfbundle; includeInIndex = 0; path = "eFins-iOSTests.xctest"; sourceTree = BUILT_PRODUCTS_DIR; };
		CB81E9461AAA21F80071C2D2 /* Info.plist */ = {isa = PBXFileReference; lastKnownFileType = text.plist.xml; path = Info.plist; sourceTree = "<group>"; };
		CB81E9471AAA21F80071C2D2 /* eFins_iOSTests.swift */ = {isa = PBXFileReference; lastKnownFileType = sourcecode.swift; path = eFins_iOSTests.swift; sourceTree = "<group>"; };
		CBA0330C1AF02B2A006838C6 /* PhotoCollectionViewCell.swift */ = {isa = PBXFileReference; fileEncoding = 4; lastKnownFileType = sourcecode.swift; path = PhotoCollectionViewCell.swift; sourceTree = "<group>"; };
		CBCE35A31AC1EB2F005C6CA8 /* ActivityLogTableViewController.swift */ = {isa = PBXFileReference; fileEncoding = 4; lastKnownFileType = sourcecode.swift; path = ActivityLogTableViewController.swift; sourceTree = "<group>"; };
		CBCE35A61AC1F763005C6CA8 /* DatePicker.storyboard */ = {isa = PBXFileReference; fileEncoding = 4; lastKnownFileType = file.storyboard; path = DatePicker.storyboard; sourceTree = "<group>"; };
		CBCE35A81AC1F7CD005C6CA8 /* DatePickerTableViewController.swift */ = {isa = PBXFileReference; fileEncoding = 4; lastKnownFileType = sourcecode.swift; path = DatePickerTableViewController.swift; sourceTree = "<group>"; };
		CBD00BAA1AB0E6A300ED784E /* RegistrationIncompleteViewController.swift */ = {isa = PBXFileReference; fileEncoding = 4; lastKnownFileType = sourcecode.swift; path = RegistrationIncompleteViewController.swift; sourceTree = "<group>"; };
		CBD00BAC1AB0F79700ED784E /* Constants.swift */ = {isa = PBXFileReference; fileEncoding = 4; lastKnownFileType = sourcecode.swift; path = Constants.swift; sourceTree = "<group>"; };
		CBE117F91ACB2A7800BC229F /* RelationTableViewCell.swift */ = {isa = PBXFileReference; fileEncoding = 4; lastKnownFileType = sourcecode.swift; path = RelationTableViewCell.swift; sourceTree = "<group>"; };
		CBE117FE1ACC8C5400BC229F /* OneToMany.storyboard */ = {isa = PBXFileReference; fileEncoding = 4; lastKnownFileType = file.storyboard; path = OneToMany.storyboard; sourceTree = "<group>"; };
		CBE118021ACC8FAC00BC229F /* OneToManyTableViewController.swift */ = {isa = PBXFileReference; fileEncoding = 4; lastKnownFileType = sourcecode.swift; path = OneToManyTableViewController.swift; sourceTree = "<group>"; };
		CBE118071ACDE6A600BC229F /* PickerTableViewController.swift */ = {isa = PBXFileReference; fileEncoding = 4; lastKnownFileType = sourcecode.swift; path = PickerTableViewController.swift; sourceTree = "<group>"; };
		CBE272DF1AC3564600A4F236 /* LogbookTableViewController.swift */ = {isa = PBXFileReference; fileEncoding = 4; lastKnownFileType = sourcecode.swift; path = LogbookTableViewController.swift; sourceTree = "<group>"; };
		CBE77B2D1AE1878B00197FF5 /* VesselForm.storyboard */ = {isa = PBXFileReference; fileEncoding = 4; lastKnownFileType = file.storyboard; path = VesselForm.storyboard; sourceTree = "<group>"; };
		CBE77B2F1AE18A1B00197FF5 /* VesselFormTableViewController.swift */ = {isa = PBXFileReference; fileEncoding = 4; lastKnownFileType = sourcecode.swift; path = VesselFormTableViewController.swift; sourceTree = "<group>"; };
		CBE77B311AE1A19A00197FF5 /* ItemForm.swift */ = {isa = PBXFileReference; fileEncoding = 4; lastKnownFileType = sourcecode.swift; path = ItemForm.swift; sourceTree = "<group>"; };
		CBEAFA061AAA234B00C8A85A /* MapViewController.swift */ = {isa = PBXFileReference; fileEncoding = 4; lastKnownFileType = sourcecode.swift; path = MapViewController.swift; sourceTree = "<group>"; };
		CBF9850D1AAE010500C4F721 /* Login.storyboard */ = {isa = PBXFileReference; fileEncoding = 4; lastKnownFileType = file.storyboard; path = Login.storyboard; sourceTree = "<group>"; };
		CBF9850E1AAE010500C4F721 /* LoginViewController.swift */ = {isa = PBXFileReference; fileEncoding = 4; lastKnownFileType = sourcecode.swift; path = LoginViewController.swift; sourceTree = "<group>"; };
		ECD4EECAA55731D96DE64EE3 /* Pods.release.xcconfig */ = {isa = PBXFileReference; includeInIndex = 1; lastKnownFileType = text.xcconfig; name = Pods.release.xcconfig; path = "Pods/Target Support Files/Pods/Pods.release.xcconfig"; sourceTree = "<group>"; };
/* End PBXFileReference section */

/* Begin PBXFrameworksBuildPhase section */
		CB81E9271AAA21F70071C2D2 /* Frameworks */ = {
			isa = PBXFrameworksBuildPhase;
			buildActionMask = 2147483647;
			files = (
				93BE828E1ADED37F002C7EFE /* libc++.dylib in Frameworks */,
				C2D23E5308706D97FF932B04 /* Pods.framework in Frameworks */,
			);
			runOnlyForDeploymentPostprocessing = 0;
		};
		CB81E93E1AAA21F80071C2D2 /* Frameworks */ = {
			isa = PBXFrameworksBuildPhase;
			buildActionMask = 2147483647;
			files = (
			);
			runOnlyForDeploymentPostprocessing = 0;
		};
/* End PBXFrameworksBuildPhase section */

/* Begin PBXGroup section */
		78BA24B05F1F2CB8DD426914 /* Frameworks */ = {
			isa = PBXGroup;
			children = (
				93BE828D1ADED37F002C7EFE /* libc++.dylib */,
				5D70047102BE3CA65EBCD536 /* Pods.framework */,
			);
			name = Frameworks;
			sourceTree = "<group>";
		};
		933454C11AB75C3100E5C65E /* DataModels */ = {
			isa = PBXGroup;
			children = (
				935D24D81AC213D500A2854D /* Action.swift */,
				935D24C81AC1E5F200A2854D /* Activity.swift */,
				933454C21AB75C4A00E5C65E /* Agency.swift */,
				935D24BE1AC1DCBB00A2854D /* AgencyVessel.swift */,
				935D24CA1AC1E78900A2854D /* Catch.swift */,
				935D24CE1AC1E8C000A2854D /* ContactType.swift */,
				935D24E21AC3548200A2854D /* EfinsModel.swift */,
				935D24E01AC215AB00A2854D /* EnforcementActionTaken.swift */,
				935D24DE1AC2153D00A2854D /* EnforcementActionType.swift */,
				935D24D41AC212C200A2854D /* Fishery.swift */,
				935D24C21AC1E3C100A2854D /* FreeTextCrew.swift */,
				935D24C01AC1E1D500A2854D /* PatrolLog.swift */,
				935D24D61AC212EF00A2854D /* Person.swift */,
				935D24DA1AC2140E00A2854D /* Photo.swift */,
				935D24C61AC1E57500A2854D /* Port.swift */,
				935D24CC1AC1E82500A2854D /* RegulatoryCode.swift */,
				935D24C41AC1E4E800A2854D /* Species.swift */,
				933454C31AB75C4A00E5C65E /* User.swift */,
				935D24D21AC211DE00A2854D /* Vessel.swift */,
				935D24D01AC2117200A2854D /* VesselType.swift */,
				935D24DC1AC2149300A2854D /* ViolationType.swift */,
			);
			name = DataModels;
			sourceTree = "<group>";
		};
		93BE82911ADEDCBC002C7EFE /* Realm-dynamic-simulator */ = {
			isa = PBXGroup;
			children = (
				93BE82921ADEDCBC002C7EFE /* Realm.framework */,
			);
			path = "Realm-dynamic-simulator";
			sourceTree = "<group>";
		};
		A48B52BC4776BDBE7A47998D /* Pods */ = {
			isa = PBXGroup;
			children = (
				793C641AC78FACAF6D5F6BBD /* Pods.debug.xcconfig */,
				ECD4EECAA55731D96DE64EE3 /* Pods.release.xcconfig */,
			);
			name = Pods;
			sourceTree = "<group>";
		};
		CB81E9211AAA21F70071C2D2 = {
			isa = PBXGroup;
			children = (
				CB81E92C1AAA21F70071C2D2 /* eFins-iOS */,
				CB81E9441AAA21F80071C2D2 /* eFins-iOSTests */,
				CB81E92B1AAA21F70071C2D2 /* Products */,
				A48B52BC4776BDBE7A47998D /* Pods */,
				78BA24B05F1F2CB8DD426914 /* Frameworks */,
			);
			sourceTree = "<group>";
		};
		CB81E92B1AAA21F70071C2D2 /* Products */ = {
			isa = PBXGroup;
			children = (
				CB81E92A1AAA21F70071C2D2 /* eFins.app */,
				CB81E9411AAA21F80071C2D2 /* eFins-iOSTests.xctest */,
			);
			name = Products;
			sourceTree = "<group>";
		};
		CB81E92C1AAA21F70071C2D2 /* eFins-iOS */ = {
			isa = PBXGroup;
			children = (
				93BE82911ADEDCBC002C7EFE /* Realm-dynamic-simulator */,
				CBE117F91ACB2A7800BC229F /* RelationTableViewCell.swift */,
				CBE77B2D1AE1878B00197FF5 /* VesselForm.storyboard */,
				CBE77B2F1AE18A1B00197FF5 /* VesselFormTableViewController.swift */,
				CB0076701AE6E7BC00AD0590 /* PersonForm.storyboard */,
				CB0076721AE6EBD200AD0590 /* PersonFormTableViewController.swift */,
				939C2AF81ADC6317008E2748 /* RLMSupport.swift */,
				CB81E92D1AAA21F70071C2D2 /* Supporting Files */,
				933454C11AB75C3100E5C65E /* DataModels */,
				CBE272DF1AC3564600A4F236 /* LogbookTableViewController.swift */,
				CB03EED61AB8E1B9004CCB47 /* SettingsViewController.swift */,
				CBF9850D1AAE010500C4F721 /* Login.storyboard */,
				CBCE35A61AC1F763005C6CA8 /* DatePicker.storyboard */,
				CB3B42BD1AE85F92004E9D60 /* DayDatePicker.storyboard */,
				CB3B42BF1AE85FE5004E9D60 /* DayDatePickerTableViewController.swift */,
				CBCE35A81AC1F7CD005C6CA8 /* DatePickerTableViewController.swift */,
				CBD00BAA1AB0E6A300ED784E /* RegistrationIncompleteViewController.swift */,
				CBF9850E1AAE010500C4F721 /* LoginViewController.swift */,
				CB81E92F1AAA21F70071C2D2 /* AppDelegate.swift */,
				CB81E9311AAA21F70071C2D2 /* FirstViewController.swift */,
				CB81E9331AAA21F70071C2D2 /* SecondViewController.swift */,
				CB81E9351AAA21F70071C2D2 /* Main.storyboard */,
				CB17869B1AF2A28200D08E73 /* CDFWRecContactTableViewController.swift */,
				CBE77B311AE1A19A00197FF5 /* ItemForm.swift */,
				CBEAFA061AAA234B00C8A85A /* MapViewController.swift */,
				CB81E9381AAA21F70071C2D2 /* Images.xcassets */,
				CB81E93A1AAA21F70071C2D2 /* LaunchScreen.xib */,
				CBD00BAC1AB0F79700ED784E /* Constants.swift */,
				CBCE35A31AC1EB2F005C6CA8 /* ActivityLogTableViewController.swift */,
				93E701EF1AB0E6C800BD179E /* DataSync.swift */,
				CBE117FE1ACC8C5400BC229F /* OneToMany.storyboard */,
				CB1F54781AEEB19D00D286F1 /* PhotoList.storyboard */,
				CBA0330C1AF02B2A006838C6 /* PhotoCollectionViewCell.swift */,
				CB1F547A1AEEB38C00D286F1 /* PhotosCollectionViewController.swift */,
				CBE118021ACC8FAC00BC229F /* OneToManyTableViewController.swift */,
				CBE118071ACDE6A600BC229F /* PickerTableViewController.swift */,
				9310B50F1ADC3BDD00D45CF3 /* Reachability.swift */,
			);
			path = "eFins-iOS";
			sourceTree = "<group>";
		};
		CB81E92D1AAA21F70071C2D2 /* Supporting Files */ = {
			isa = PBXGroup;
			children = (
				CB81E92E1AAA21F70071C2D2 /* Info.plist */,
			);
			name = "Supporting Files";
			sourceTree = "<group>";
		};
		CB81E9441AAA21F80071C2D2 /* eFins-iOSTests */ = {
			isa = PBXGroup;
			children = (
				CB81E9471AAA21F80071C2D2 /* eFins_iOSTests.swift */,
				CB81E9451AAA21F80071C2D2 /* Supporting Files */,
			);
			path = "eFins-iOSTests";
			sourceTree = "<group>";
		};
		CB81E9451AAA21F80071C2D2 /* Supporting Files */ = {
			isa = PBXGroup;
			children = (
				CB81E9461AAA21F80071C2D2 /* Info.plist */,
			);
			name = "Supporting Files";
			sourceTree = "<group>";
		};
/* End PBXGroup section */

/* Begin PBXNativeTarget section */
		CB81E9291AAA21F70071C2D2 /* eFins-iOS */ = {
			isa = PBXNativeTarget;
			buildConfigurationList = CB81E94B1AAA21F80071C2D2 /* Build configuration list for PBXNativeTarget "eFins-iOS" */;
			buildPhases = (
				97108042EF291211B38FE43D /* Check Pods Manifest.lock */,
				CB81E9261AAA21F70071C2D2 /* Sources */,
				CB81E9271AAA21F70071C2D2 /* Frameworks */,
				CB81E9281AAA21F70071C2D2 /* Resources */,
				2818CD5D8DC24A88D932C9EF /* Embed Pods Frameworks */,
				B9C80EE28D68FAA6245F9ECC /* Copy Pods Resources */,
				935887531AB0D6A70089CDE8 /* Copy Frameworks */,
			);
			buildRules = (
			);
			dependencies = (
			);
			name = "eFins-iOS";
			productName = "eFins-iOS";
			productReference = CB81E92A1AAA21F70071C2D2 /* eFins.app */;
			productType = "com.apple.product-type.application";
		};
		CB81E9401AAA21F80071C2D2 /* eFins-iOSTests */ = {
			isa = PBXNativeTarget;
			buildConfigurationList = CB81E94E1AAA21F80071C2D2 /* Build configuration list for PBXNativeTarget "eFins-iOSTests" */;
			buildPhases = (
				CB81E93D1AAA21F80071C2D2 /* Sources */,
				CB81E93E1AAA21F80071C2D2 /* Frameworks */,
				CB81E93F1AAA21F80071C2D2 /* Resources */,
			);
			buildRules = (
			);
			dependencies = (
				CB81E9431AAA21F80071C2D2 /* PBXTargetDependency */,
			);
			name = "eFins-iOSTests";
			productName = "eFins-iOSTests";
			productReference = CB81E9411AAA21F80071C2D2 /* eFins-iOSTests.xctest */;
			productType = "com.apple.product-type.bundle.unit-test";
		};
/* End PBXNativeTarget section */

/* Begin PBXProject section */
		CB81E9221AAA21F70071C2D2 /* Project object */ = {
			isa = PBXProject;
			attributes = {
				LastUpgradeCheck = 0610;
				ORGANIZATIONNAME = "McClintock Lab";
				TargetAttributes = {
					CB81E9291AAA21F70071C2D2 = {
						CreatedOnToolsVersion = 6.1.1;
						DevelopmentTeam = MT5N8JQG33;
					};
					CB81E9401AAA21F80071C2D2 = {
						CreatedOnToolsVersion = 6.1.1;
						TestTargetID = CB81E9291AAA21F70071C2D2;
					};
				};
			};
			buildConfigurationList = CB81E9251AAA21F70071C2D2 /* Build configuration list for PBXProject "eFins-iOS" */;
			compatibilityVersion = "Xcode 3.2";
			developmentRegion = English;
			hasScannedForEncodings = 0;
			knownRegions = (
				en,
				Base,
			);
			mainGroup = CB81E9211AAA21F70071C2D2;
			productRefGroup = CB81E92B1AAA21F70071C2D2 /* Products */;
			projectDirPath = "";
			projectRoot = "";
			targets = (
				CB81E9291AAA21F70071C2D2 /* eFins-iOS */,
				CB81E9401AAA21F80071C2D2 /* eFins-iOSTests */,
			);
		};
/* End PBXProject section */

/* Begin PBXResourcesBuildPhase section */
		CB81E9281AAA21F70071C2D2 /* Resources */ = {
			isa = PBXResourcesBuildPhase;
			buildActionMask = 2147483647;
			files = (
				CBF9850F1AAE010500C4F721 /* Login.storyboard in Resources */,
				CBE117FF1ACC8C5400BC229F /* OneToMany.storyboard in Resources */,
				CB81E9371AAA21F70071C2D2 /* Main.storyboard in Resources */,
				CBE77B2E1AE1878B00197FF5 /* VesselForm.storyboard in Resources */,
				CB81E93C1AAA21F70071C2D2 /* LaunchScreen.xib in Resources */,
				CB81E9391AAA21F70071C2D2 /* Images.xcassets in Resources */,
				CBCE35A71AC1F763005C6CA8 /* DatePicker.storyboard in Resources */,
				CB0076711AE6E7BC00AD0590 /* PersonForm.storyboard in Resources */,
				CB3B42BE1AE85F92004E9D60 /* DayDatePicker.storyboard in Resources */,
				CB1F54791AEEB19D00D286F1 /* PhotoList.storyboard in Resources */,
			);
			runOnlyForDeploymentPostprocessing = 0;
		};
		CB81E93F1AAA21F80071C2D2 /* Resources */ = {
			isa = PBXResourcesBuildPhase;
			buildActionMask = 2147483647;
			files = (
			);
			runOnlyForDeploymentPostprocessing = 0;
		};
/* End PBXResourcesBuildPhase section */

/* Begin PBXShellScriptBuildPhase section */
		2818CD5D8DC24A88D932C9EF /* Embed Pods Frameworks */ = {
			isa = PBXShellScriptBuildPhase;
			buildActionMask = 2147483647;
			files = (
			);
			inputPaths = (
			);
			name = "Embed Pods Frameworks";
			outputPaths = (
			);
			runOnlyForDeploymentPostprocessing = 0;
			shellPath = /bin/sh;
			shellScript = "\"${SRCROOT}/Pods/Target Support Files/Pods/Pods-frameworks.sh\"\n";
			showEnvVarsInLog = 0;
		};
		97108042EF291211B38FE43D /* Check Pods Manifest.lock */ = {
			isa = PBXShellScriptBuildPhase;
			buildActionMask = 2147483647;
			files = (
			);
			inputPaths = (
			);
			name = "Check Pods Manifest.lock";
			outputPaths = (
			);
			runOnlyForDeploymentPostprocessing = 0;
			shellPath = /bin/sh;
			shellScript = "diff \"${PODS_ROOT}/../Podfile.lock\" \"${PODS_ROOT}/Manifest.lock\" > /dev/null\nif [[ $? != 0 ]] ; then\n    cat << EOM\nerror: The sandbox is not in sync with the Podfile.lock. Run 'pod install' or update your CocoaPods installation.\nEOM\n    exit 1\nfi\n";
			showEnvVarsInLog = 0;
		};
		B9C80EE28D68FAA6245F9ECC /* Copy Pods Resources */ = {
			isa = PBXShellScriptBuildPhase;
			buildActionMask = 2147483647;
			files = (
			);
			inputPaths = (
			);
			name = "Copy Pods Resources";
			outputPaths = (
			);
			runOnlyForDeploymentPostprocessing = 0;
			shellPath = /bin/sh;
			shellScript = "\"${SRCROOT}/Pods/Target Support Files/Pods/Pods-resources.sh\"\n";
			showEnvVarsInLog = 0;
		};
/* End PBXShellScriptBuildPhase section */

/* Begin PBXSourcesBuildPhase section */
		CB81E9261AAA21F70071C2D2 /* Sources */ = {
			isa = PBXSourcesBuildPhase;
			buildActionMask = 2147483647;
			files = (
				935D24D71AC212EF00A2854D /* Person.swift in Sources */,
				935D24D91AC213D500A2854D /* Action.swift in Sources */,
				939C2AF91ADC6317008E2748 /* RLMSupport.swift in Sources */,
				935D24D31AC211DE00A2854D /* Vessel.swift in Sources */,
				CBE77B321AE1A19A00197FF5 /* ItemForm.swift in Sources */,
				935D24DB1AC2140E00A2854D /* Photo.swift in Sources */,
				CBF985101AAE010500C4F721 /* LoginViewController.swift in Sources */,
				CB1F547B1AEEB38C00D286F1 /* PhotosCollectionViewController.swift in Sources */,
				CBCE35A41AC1EB2F005C6CA8 /* ActivityLogTableViewController.swift in Sources */,
				CBA0330D1AF02B2A006838C6 /* PhotoCollectionViewCell.swift in Sources */,
				9310B5101ADC3BDD00D45CF3 /* Reachability.swift in Sources */,
				935D24DD1AC2149300A2854D /* ViolationType.swift in Sources */,
				935D24E11AC215AB00A2854D /* EnforcementActionTaken.swift in Sources */,
				935D24D51AC212C200A2854D /* Fishery.swift in Sources */,
				CB81E9341AAA21F70071C2D2 /* SecondViewController.swift in Sources */,
				935D24C11AC1E1D500A2854D /* PatrolLog.swift in Sources */,
				CBE118081ACDE6A600BC229F /* PickerTableViewController.swift in Sources */,
				935D24DF1AC2153D00A2854D /* EnforcementActionType.swift in Sources */,
				CB81E9301AAA21F70071C2D2 /* AppDelegate.swift in Sources */,
				CBE77B301AE18A1B00197FF5 /* VesselFormTableViewController.swift in Sources */,
				935D24C51AC1E4E800A2854D /* Species.swift in Sources */,
				CB03EED71AB8E1B9004CCB47 /* SettingsViewController.swift in Sources */,
				93E701F01AB0E6C800BD179E /* DataSync.swift in Sources */,
				CBCE35A91AC1F7CD005C6CA8 /* DatePickerTableViewController.swift in Sources */,
				CBE118031ACC8FAC00BC229F /* OneToManyTableViewController.swift in Sources */,
				935D24BF1AC1DCBB00A2854D /* AgencyVessel.swift in Sources */,
				935D24E31AC3548200A2854D /* EfinsModel.swift in Sources */,
				935D24CF1AC1E8C000A2854D /* ContactType.swift in Sources */,
				CBEAFA071AAA234B00C8A85A /* MapViewController.swift in Sources */,
				CBE117FA1ACB2A7800BC229F /* RelationTableViewCell.swift in Sources */,
				935D24D11AC2117200A2854D /* VesselType.swift in Sources */,
				935D24C31AC1E3C100A2854D /* FreeTextCrew.swift in Sources */,
				935D24C91AC1E5F200A2854D /* Activity.swift in Sources */,
				CB0076731AE6EBD200AD0590 /* PersonFormTableViewController.swift in Sources */,
				CB81E9321AAA21F70071C2D2 /* FirstViewController.swift in Sources */,
				CBD00BAB1AB0E6A300ED784E /* RegistrationIncompleteViewController.swift in Sources */,
				CB3B42C01AE85FE5004E9D60 /* DayDatePickerTableViewController.swift in Sources */,
				933454C41AB75C4A00E5C65E /* Agency.swift in Sources */,
				935D24CB1AC1E78900A2854D /* Catch.swift in Sources */,
				935D24CD1AC1E82500A2854D /* RegulatoryCode.swift in Sources */,
				CBD00BAD1AB0F79700ED784E /* Constants.swift in Sources */,
				933454C51AB75C4A00E5C65E /* User.swift in Sources */,
				CBE272E01AC3564600A4F236 /* LogbookTableViewController.swift in Sources */,
				CB17869C1AF2A28200D08E73 /* CDFWRecContactTableViewController.swift in Sources */,
				935D24C71AC1E57500A2854D /* Port.swift in Sources */,
			);
			runOnlyForDeploymentPostprocessing = 0;
		};
		CB81E93D1AAA21F80071C2D2 /* Sources */ = {
			isa = PBXSourcesBuildPhase;
			buildActionMask = 2147483647;
			files = (
				CB81E9481AAA21F80071C2D2 /* eFins_iOSTests.swift in Sources */,
			);
			runOnlyForDeploymentPostprocessing = 0;
		};
/* End PBXSourcesBuildPhase section */

/* Begin PBXTargetDependency section */
		CB81E9431AAA21F80071C2D2 /* PBXTargetDependency */ = {
			isa = PBXTargetDependency;
			target = CB81E9291AAA21F70071C2D2 /* eFins-iOS */;
			targetProxy = CB81E9421AAA21F80071C2D2 /* PBXContainerItemProxy */;
		};
/* End PBXTargetDependency section */

/* Begin PBXVariantGroup section */
		CB81E9351AAA21F70071C2D2 /* Main.storyboard */ = {
			isa = PBXVariantGroup;
			children = (
				CB81E9361AAA21F70071C2D2 /* Base */,
			);
			name = Main.storyboard;
			sourceTree = "<group>";
		};
		CB81E93A1AAA21F70071C2D2 /* LaunchScreen.xib */ = {
			isa = PBXVariantGroup;
			children = (
				CB81E93B1AAA21F70071C2D2 /* Base */,
			);
			name = LaunchScreen.xib;
			sourceTree = "<group>";
		};
/* End PBXVariantGroup section */

/* Begin XCBuildConfiguration section */
		CB81E9491AAA21F80071C2D2 /* Debug */ = {
			isa = XCBuildConfiguration;
			buildSettings = {
				ALWAYS_SEARCH_USER_PATHS = NO;
				CLANG_CXX_LANGUAGE_STANDARD = "gnu++0x";
				CLANG_CXX_LIBRARY = "libc++";
				CLANG_ENABLE_MODULES = YES;
				CLANG_ENABLE_OBJC_ARC = YES;
				CLANG_WARN_BOOL_CONVERSION = YES;
				CLANG_WARN_CONSTANT_CONVERSION = YES;
				CLANG_WARN_DIRECT_OBJC_ISA_USAGE = YES_ERROR;
				CLANG_WARN_EMPTY_BODY = YES;
				CLANG_WARN_ENUM_CONVERSION = YES;
				CLANG_WARN_INT_CONVERSION = YES;
				CLANG_WARN_OBJC_ROOT_CLASS = YES_ERROR;
				CLANG_WARN_UNREACHABLE_CODE = YES;
				CLANG_WARN__DUPLICATE_METHOD_MATCH = YES;
				"CODE_SIGN_IDENTITY[sdk=iphoneos*]" = "iPhone Developer";
				COPY_PHASE_STRIP = NO;
				ENABLE_STRICT_OBJC_MSGSEND = YES;
				GCC_C_LANGUAGE_STANDARD = gnu99;
				GCC_DYNAMIC_NO_PIC = NO;
				GCC_OPTIMIZATION_LEVEL = 0;
				GCC_PREPROCESSOR_DEFINITIONS = (
					"DEBUG=1",
					"$(inherited)",
				);
				GCC_SYMBOLS_PRIVATE_EXTERN = NO;
				GCC_WARN_64_TO_32_BIT_CONVERSION = YES;
				GCC_WARN_ABOUT_RETURN_TYPE = YES_ERROR;
				GCC_WARN_UNDECLARED_SELECTOR = YES;
				GCC_WARN_UNINITIALIZED_AUTOS = YES_AGGRESSIVE;
				GCC_WARN_UNUSED_FUNCTION = YES;
				GCC_WARN_UNUSED_VARIABLE = YES;
				IPHONEOS_DEPLOYMENT_TARGET = 8.1;
				MTL_ENABLE_DEBUG_INFO = YES;
				ONLY_ACTIVE_ARCH = YES;
				SDKROOT = iphoneos;
				SWIFT_OPTIMIZATION_LEVEL = "-Onone";
				TARGETED_DEVICE_FAMILY = 2;
			};
			name = Debug;
		};
		CB81E94A1AAA21F80071C2D2 /* Release */ = {
			isa = XCBuildConfiguration;
			buildSettings = {
				ALWAYS_SEARCH_USER_PATHS = NO;
				CLANG_CXX_LANGUAGE_STANDARD = "gnu++0x";
				CLANG_CXX_LIBRARY = "libc++";
				CLANG_ENABLE_MODULES = YES;
				CLANG_ENABLE_OBJC_ARC = YES;
				CLANG_WARN_BOOL_CONVERSION = YES;
				CLANG_WARN_CONSTANT_CONVERSION = YES;
				CLANG_WARN_DIRECT_OBJC_ISA_USAGE = YES_ERROR;
				CLANG_WARN_EMPTY_BODY = YES;
				CLANG_WARN_ENUM_CONVERSION = YES;
				CLANG_WARN_INT_CONVERSION = YES;
				CLANG_WARN_OBJC_ROOT_CLASS = YES_ERROR;
				CLANG_WARN_UNREACHABLE_CODE = YES;
				CLANG_WARN__DUPLICATE_METHOD_MATCH = YES;
				"CODE_SIGN_IDENTITY[sdk=iphoneos*]" = "iPhone Developer";
				COPY_PHASE_STRIP = YES;
				ENABLE_NS_ASSERTIONS = NO;
				ENABLE_STRICT_OBJC_MSGSEND = YES;
				GCC_C_LANGUAGE_STANDARD = gnu99;
				GCC_WARN_64_TO_32_BIT_CONVERSION = YES;
				GCC_WARN_ABOUT_RETURN_TYPE = YES_ERROR;
				GCC_WARN_UNDECLARED_SELECTOR = YES;
				GCC_WARN_UNINITIALIZED_AUTOS = YES_AGGRESSIVE;
				GCC_WARN_UNUSED_FUNCTION = YES;
				GCC_WARN_UNUSED_VARIABLE = YES;
				IPHONEOS_DEPLOYMENT_TARGET = 8.1;
				MTL_ENABLE_DEBUG_INFO = NO;
				SDKROOT = iphoneos;
				TARGETED_DEVICE_FAMILY = 2;
				VALIDATE_PRODUCT = YES;
			};
			name = Release;
		};
		CB81E94C1AAA21F80071C2D2 /* Debug */ = {
			isa = XCBuildConfiguration;
			baseConfigurationReference = 793C641AC78FACAF6D5F6BBD /* Pods.debug.xcconfig */;
			buildSettings = {
				ASSETCATALOG_COMPILER_APPICON_NAME = AppIcon;
				CODE_SIGN_IDENTITY = "iPhone Developer";
				"CODE_SIGN_IDENTITY[sdk=iphoneos*]" = "iPhone Developer";
				DEFINES_MODULE = YES;
				FRAMEWORK_SEARCH_PATHS = (
					"$(inherited)",
					"$(PROJECT_DIR)",
					"$(PROJECT_DIR)/eFins-iOS",
					"$(PROJECT_DIR)/eFins-iOS/Realm-dynamic-simulator",
				);
				INFOPLIST_FILE = "eFins-iOS/Info.plist";
				IPHONEOS_DEPLOYMENT_TARGET = 8.1;
				LD_RUNPATH_SEARCH_PATHS = "$(inherited) @executable_path/Frameworks";
				OTHER_SWIFT_FLAGS = "\"-D\" \"COCOAPODS\" \"-D\" \"DEBUG_SERVER\" $(inherited)";
				PRODUCT_NAME = eFins;
				PROVISIONING_PROFILE = "";
			};
			name = Debug;
		};
		CB81E94D1AAA21F80071C2D2 /* Release */ = {
			isa = XCBuildConfiguration;
			baseConfigurationReference = ECD4EECAA55731D96DE64EE3 /* Pods.release.xcconfig */;
			buildSettings = {
				ASSETCATALOG_COMPILER_APPICON_NAME = AppIcon;
				CODE_SIGN_IDENTITY = "iPhone Developer";
				"CODE_SIGN_IDENTITY[sdk=iphoneos*]" = "iPhone Developer";
				DEFINES_MODULE = YES;
				FRAMEWORK_SEARCH_PATHS = (
					"$(inherited)",
					"$(PROJECT_DIR)",
					"$(PROJECT_DIR)/eFins-iOS",
					"$(PROJECT_DIR)/eFins-iOS/Realm-dynamic-simulator",
				);
				INFOPLIST_FILE = "eFins-iOS/Info.plist";
				IPHONEOS_DEPLOYMENT_TARGET = 8.1;
				LD_RUNPATH_SEARCH_PATHS = "$(inherited) @executable_path/Frameworks";
				LIBRARY_SEARCH_PATHS = "$(inherited) ";
				PRODUCT_NAME = eFins;
				PROVISIONING_PROFILE = "";
			};
			name = Release;
		};
		CB81E94F1AAA21F80071C2D2 /* Debug */ = {
			isa = XCBuildConfiguration;
			buildSettings = {
				BUNDLE_LOADER = "$(TEST_HOST)";
				FRAMEWORK_SEARCH_PATHS = (
					"$(SDKROOT)/Developer/Library/Frameworks",
					"$(inherited)",
				);
				GCC_PREPROCESSOR_DEFINITIONS = (
					"DEBUG=1",
					"$(inherited)",
				);
				INFOPLIST_FILE = "eFins-iOSTests/Info.plist";
				LD_RUNPATH_SEARCH_PATHS = "$(inherited) @executable_path/Frameworks @loader_path/Frameworks";
				PRODUCT_NAME = "$(TARGET_NAME)";
				TEST_HOST = "$(BUILT_PRODUCTS_DIR)/eFins-iOS.app/eFins-iOS";
			};
			name = Debug;
		};
		CB81E9501AAA21F80071C2D2 /* Release */ = {
			isa = XCBuildConfiguration;
			buildSettings = {
				BUNDLE_LOADER = "$(TEST_HOST)";
				FRAMEWORK_SEARCH_PATHS = (
					"$(SDKROOT)/Developer/Library/Frameworks",
					"$(inherited)",
				);
				INFOPLIST_FILE = "eFins-iOSTests/Info.plist";
				LD_RUNPATH_SEARCH_PATHS = "$(inherited) @executable_path/Frameworks @loader_path/Frameworks";
				PRODUCT_NAME = "$(TARGET_NAME)";
				TEST_HOST = "$(BUILT_PRODUCTS_DIR)/eFins-iOS.app/eFins-iOS";
			};
			name = Release;
		};
/* End XCBuildConfiguration section */

/* Begin XCConfigurationList section */
		CB81E9251AAA21F70071C2D2 /* Build configuration list for PBXProject "eFins-iOS" */ = {
			isa = XCConfigurationList;
			buildConfigurations = (
				CB81E9491AAA21F80071C2D2 /* Debug */,
				CB81E94A1AAA21F80071C2D2 /* Release */,
			);
			defaultConfigurationIsVisible = 0;
			defaultConfigurationName = Release;
		};
		CB81E94B1AAA21F80071C2D2 /* Build configuration list for PBXNativeTarget "eFins-iOS" */ = {
			isa = XCConfigurationList;
			buildConfigurations = (
				CB81E94C1AAA21F80071C2D2 /* Debug */,
				CB81E94D1AAA21F80071C2D2 /* Release */,
			);
			defaultConfigurationIsVisible = 0;
			defaultConfigurationName = Release;
		};
		CB81E94E1AAA21F80071C2D2 /* Build configuration list for PBXNativeTarget "eFins-iOSTests" */ = {
			isa = XCConfigurationList;
			buildConfigurations = (
				CB81E94F1AAA21F80071C2D2 /* Debug */,
				CB81E9501AAA21F80071C2D2 /* Release */,
			);
			defaultConfigurationIsVisible = 0;
			defaultConfigurationName = Release;
		};
/* End XCConfigurationList section */
	};
	rootObject = CB81E9221AAA21F70071C2D2 /* Project object */;
}
