// !$*UTF8*$!
{
	archiveVersion = 1;
	classes = {
	};
	objectVersion = 46;
	objects = {

/* Begin PBXBuildFile section */
		933454C41AB75C4A00E5C65E /* Agency.swift in Sources */ = {isa = PBXBuildFile; fileRef = 933454C21AB75C4A00E5C65E /* Agency.swift */; };
		933454C51AB75C4A00E5C65E /* User.swift in Sources */ = {isa = PBXBuildFile; fileRef = 933454C31AB75C4A00E5C65E /* User.swift */; };
		93E701EE1AB0E3A900BD179E /* Realm.framework in Copy Frameworks */ = {isa = PBXBuildFile; fileRef = 93E701E91AB0E21B00BD179E /* Realm.framework */; settings = {ATTRIBUTES = (CodeSignOnCopy, RemoveHeadersOnCopy, ); }; };
		93E701F01AB0E6C800BD179E /* DataSync.swift in Sources */ = {isa = PBXBuildFile; fileRef = 93E701EF1AB0E6C800BD179E /* DataSync.swift */; };
		C2D23E5308706D97FF932B04 /* Pods.framework in Frameworks */ = {isa = PBXBuildFile; fileRef = 5D70047102BE3CA65EBCD536 /* Pods.framework */; settings = {ATTRIBUTES = (Weak, ); }; };
		CB81E9301AAA21F70071C2D2 /* AppDelegate.swift in Sources */ = {isa = PBXBuildFile; fileRef = CB81E92F1AAA21F70071C2D2 /* AppDelegate.swift */; };
		CB81E9321AAA21F70071C2D2 /* FirstViewController.swift in Sources */ = {isa = PBXBuildFile; fileRef = CB81E9311AAA21F70071C2D2 /* FirstViewController.swift */; };
		CB81E9341AAA21F70071C2D2 /* SecondViewController.swift in Sources */ = {isa = PBXBuildFile; fileRef = CB81E9331AAA21F70071C2D2 /* SecondViewController.swift */; };
		CB81E9371AAA21F70071C2D2 /* Main.storyboard in Resources */ = {isa = PBXBuildFile; fileRef = CB81E9351AAA21F70071C2D2 /* Main.storyboard */; };
		CB81E9391AAA21F70071C2D2 /* Images.xcassets in Resources */ = {isa = PBXBuildFile; fileRef = CB81E9381AAA21F70071C2D2 /* Images.xcassets */; };
		CB81E93C1AAA21F70071C2D2 /* LaunchScreen.xib in Resources */ = {isa = PBXBuildFile; fileRef = CB81E93A1AAA21F70071C2D2 /* LaunchScreen.xib */; };
		CB81E9481AAA21F80071C2D2 /* eFins_iOSTests.swift in Sources */ = {isa = PBXBuildFile; fileRef = CB81E9471AAA21F80071C2D2 /* eFins_iOSTests.swift */; };
		CBD00BAB1AB0E6A300ED784E /* RegistrationIncompleteViewController.swift in Sources */ = {isa = PBXBuildFile; fileRef = CBD00BAA1AB0E6A300ED784E /* RegistrationIncompleteViewController.swift */; };
		CBD00BAD1AB0F79700ED784E /* Constants.swift in Sources */ = {isa = PBXBuildFile; fileRef = CBD00BAC1AB0F79700ED784E /* Constants.swift */; };
		CBEAFA051AAA233C00C8A85A /* LogbookViewController.swift in Sources */ = {isa = PBXBuildFile; fileRef = CBEAFA041AAA233C00C8A85A /* LogbookViewController.swift */; };
		CBEAFA071AAA234B00C8A85A /* MapViewController.swift in Sources */ = {isa = PBXBuildFile; fileRef = CBEAFA061AAA234B00C8A85A /* MapViewController.swift */; };
		CBF9850F1AAE010500C4F721 /* Login.storyboard in Resources */ = {isa = PBXBuildFile; fileRef = CBF9850D1AAE010500C4F721 /* Login.storyboard */; };
		CBF985101AAE010500C4F721 /* LoginViewController.swift in Sources */ = {isa = PBXBuildFile; fileRef = CBF9850E1AAE010500C4F721 /* LoginViewController.swift */; };
/* End PBXBuildFile section */

/* Begin PBXContainerItemProxy section */
		CB81E9421AAA21F80071C2D2 /* PBXContainerItemProxy */ = {
			isa = PBXContainerItemProxy;
			containerPortal = CB81E9221AAA21F70071C2D2 /* Project object */;
			proxyType = 1;
			remoteGlobalIDString = CB81E9291AAA21F70071C2D2;
			remoteInfo = "eFins-iOS";
		};
/* End PBXContainerItemProxy section */

/* Begin PBXCopyFilesBuildPhase section */
		935887531AB0D6A70089CDE8 /* Copy Frameworks */ = {
			isa = PBXCopyFilesBuildPhase;
			buildActionMask = 2147483647;
			dstPath = "";
			dstSubfolderSpec = 10;
			files = (
				93E701EE1AB0E3A900BD179E /* Realm.framework in Copy Frameworks */,
			);
			name = "Copy Frameworks";
			runOnlyForDeploymentPostprocessing = 0;
		};
/* End PBXCopyFilesBuildPhase section */

/* Begin PBXFileReference section */
		5D70047102BE3CA65EBCD536 /* Pods.framework */ = {isa = PBXFileReference; explicitFileType = wrapper.framework; includeInIndex = 0; path = Pods.framework; sourceTree = BUILT_PRODUCTS_DIR; };
		793C641AC78FACAF6D5F6BBD /* Pods.debug.xcconfig */ = {isa = PBXFileReference; includeInIndex = 1; lastKnownFileType = text.xcconfig; name = Pods.debug.xcconfig; path = "Pods/Target Support Files/Pods/Pods.debug.xcconfig"; sourceTree = "<group>"; };
		933454C21AB75C4A00E5C65E /* Agency.swift */ = {isa = PBXFileReference; fileEncoding = 4; lastKnownFileType = sourcecode.swift; path = Agency.swift; sourceTree = "<group>"; };
		933454C31AB75C4A00E5C65E /* User.swift */ = {isa = PBXFileReference; fileEncoding = 4; lastKnownFileType = sourcecode.swift; path = User.swift; sourceTree = "<group>"; };
		93E701E71AB0E21B00BD179E /* Realm.framework */ = {isa = PBXFileReference; lastKnownFileType = wrapper.framework; path = Realm.framework; sourceTree = "<group>"; };
		93E701E91AB0E21B00BD179E /* Realm.framework */ = {isa = PBXFileReference; lastKnownFileType = wrapper.framework; path = Realm.framework; sourceTree = "<group>"; };
		93E701EF1AB0E6C800BD179E /* DataSync.swift */ = {isa = PBXFileReference; fileEncoding = 4; lastKnownFileType = sourcecode.swift; path = DataSync.swift; sourceTree = "<group>"; };
		CB81E92A1AAA21F70071C2D2 /* eFins-iOS.app */ = {isa = PBXFileReference; explicitFileType = wrapper.application; includeInIndex = 0; path = "eFins-iOS.app"; sourceTree = BUILT_PRODUCTS_DIR; };
		CB81E92E1AAA21F70071C2D2 /* Info.plist */ = {isa = PBXFileReference; lastKnownFileType = text.plist.xml; path = Info.plist; sourceTree = "<group>"; };
		CB81E92F1AAA21F70071C2D2 /* AppDelegate.swift */ = {isa = PBXFileReference; lastKnownFileType = sourcecode.swift; path = AppDelegate.swift; sourceTree = "<group>"; };
		CB81E9311AAA21F70071C2D2 /* FirstViewController.swift */ = {isa = PBXFileReference; lastKnownFileType = sourcecode.swift; path = FirstViewController.swift; sourceTree = "<group>"; };
		CB81E9331AAA21F70071C2D2 /* SecondViewController.swift */ = {isa = PBXFileReference; lastKnownFileType = sourcecode.swift; path = SecondViewController.swift; sourceTree = "<group>"; };
		CB81E9361AAA21F70071C2D2 /* Base */ = {isa = PBXFileReference; lastKnownFileType = file.storyboard; name = Base; path = Base.lproj/Main.storyboard; sourceTree = "<group>"; };
		CB81E9381AAA21F70071C2D2 /* Images.xcassets */ = {isa = PBXFileReference; lastKnownFileType = folder.assetcatalog; path = Images.xcassets; sourceTree = "<group>"; };
		CB81E93B1AAA21F70071C2D2 /* Base */ = {isa = PBXFileReference; lastKnownFileType = file.xib; name = Base; path = Base.lproj/LaunchScreen.xib; sourceTree = "<group>"; };
		CB81E9411AAA21F80071C2D2 /* eFins-iOSTests.xctest */ = {isa = PBXFileReference; explicitFileType = wrapper.cfbundle; includeInIndex = 0; path = "eFins-iOSTests.xctest"; sourceTree = BUILT_PRODUCTS_DIR; };
		CB81E9461AAA21F80071C2D2 /* Info.plist */ = {isa = PBXFileReference; lastKnownFileType = text.plist.xml; path = Info.plist; sourceTree = "<group>"; };
		CB81E9471AAA21F80071C2D2 /* eFins_iOSTests.swift */ = {isa = PBXFileReference; lastKnownFileType = sourcecode.swift; path = eFins_iOSTests.swift; sourceTree = "<group>"; };
		CBD00BAA1AB0E6A300ED784E /* RegistrationIncompleteViewController.swift */ = {isa = PBXFileReference; fileEncoding = 4; lastKnownFileType = sourcecode.swift; path = RegistrationIncompleteViewController.swift; sourceTree = "<group>"; };
		CBD00BAC1AB0F79700ED784E /* Constants.swift */ = {isa = PBXFileReference; fileEncoding = 4; lastKnownFileType = sourcecode.swift; path = Constants.swift; sourceTree = "<group>"; };
		CBEAFA041AAA233C00C8A85A /* LogbookViewController.swift */ = {isa = PBXFileReference; fileEncoding = 4; lastKnownFileType = sourcecode.swift; path = LogbookViewController.swift; sourceTree = "<group>"; };
		CBEAFA061AAA234B00C8A85A /* MapViewController.swift */ = {isa = PBXFileReference; fileEncoding = 4; lastKnownFileType = sourcecode.swift; path = MapViewController.swift; sourceTree = "<group>"; };
		CBF9850D1AAE010500C4F721 /* Login.storyboard */ = {isa = PBXFileReference; fileEncoding = 4; lastKnownFileType = file.storyboard; path = Login.storyboard; sourceTree = "<group>"; };
		CBF9850E1AAE010500C4F721 /* LoginViewController.swift */ = {isa = PBXFileReference; fileEncoding = 4; lastKnownFileType = sourcecode.swift; path = LoginViewController.swift; sourceTree = "<group>"; };
		ECD4EECAA55731D96DE64EE3 /* Pods.release.xcconfig */ = {isa = PBXFileReference; includeInIndex = 1; lastKnownFileType = text.xcconfig; name = Pods.release.xcconfig; path = "Pods/Target Support Files/Pods/Pods.release.xcconfig"; sourceTree = "<group>"; };
/* End PBXFileReference section */

/* Begin PBXFrameworksBuildPhase section */
		CB81E9271AAA21F70071C2D2 /* Frameworks */ = {
			isa = PBXFrameworksBuildPhase;
			buildActionMask = 2147483647;
			files = (
				C2D23E5308706D97FF932B04 /* Pods.framework in Frameworks */,
			);
			runOnlyForDeploymentPostprocessing = 0;
		};
		CB81E93E1AAA21F80071C2D2 /* Frameworks */ = {
			isa = PBXFrameworksBuildPhase;
			buildActionMask = 2147483647;
			files = (
			);
			runOnlyForDeploymentPostprocessing = 0;
		};
/* End PBXFrameworksBuildPhase section */

/* Begin PBXGroup section */
		78BA24B05F1F2CB8DD426914 /* Frameworks */ = {
			isa = PBXGroup;
			children = (
				5D70047102BE3CA65EBCD536 /* Pods.framework */,
			);
			name = Frameworks;
			sourceTree = "<group>";
		};
		933454C11AB75C3100E5C65E /* DataModels */ = {
			isa = PBXGroup;
			children = (
				933454C21AB75C4A00E5C65E /* Agency.swift */,
				933454C31AB75C4A00E5C65E /* User.swift */,
			);
			name = DataModels;
			sourceTree = "<group>";
		};
		93E701E61AB0E21B00BD179E /* Realm-dynamic */ = {
			isa = PBXGroup;
			children = (
				93E701E71AB0E21B00BD179E /* Realm.framework */,
			);
			path = "Realm-dynamic";
			sourceTree = "<group>";
		};
		93E701E81AB0E21B00BD179E /* Realm-dynamic-simulator */ = {
			isa = PBXGroup;
			children = (
				93E701E91AB0E21B00BD179E /* Realm.framework */,
			);
			path = "Realm-dynamic-simulator";
			sourceTree = "<group>";
		};
		A48B52BC4776BDBE7A47998D /* Pods */ = {
			isa = PBXGroup;
			children = (
				793C641AC78FACAF6D5F6BBD /* Pods.debug.xcconfig */,
				ECD4EECAA55731D96DE64EE3 /* Pods.release.xcconfig */,
			);
			name = Pods;
			sourceTree = "<group>";
		};
		CB81E9211AAA21F70071C2D2 = {
			isa = PBXGroup;
			children = (
				93E701E61AB0E21B00BD179E /* Realm-dynamic */,
				93E701E81AB0E21B00BD179E /* Realm-dynamic-simulator */,
				CB81E92C1AAA21F70071C2D2 /* eFins-iOS */,
				CB81E9441AAA21F80071C2D2 /* eFins-iOSTests */,
				CB81E92B1AAA21F70071C2D2 /* Products */,
				A48B52BC4776BDBE7A47998D /* Pods */,
				78BA24B05F1F2CB8DD426914 /* Frameworks */,
			);
			sourceTree = "<group>";
		};
		CB81E92B1AAA21F70071C2D2 /* Products */ = {
			isa = PBXGroup;
			children = (
				CB81E92A1AAA21F70071C2D2 /* eFins-iOS.app */,
				CB81E9411AAA21F80071C2D2 /* eFins-iOSTests.xctest */,
			);
			name = Products;
			sourceTree = "<group>";
		};
		CB81E92C1AAA21F70071C2D2 /* eFins-iOS */ = {
			isa = PBXGroup;
			children = (
				933454C11AB75C3100E5C65E /* DataModels */,
				CBF9850D1AAE010500C4F721 /* Login.storyboard */,
				CBD00BAA1AB0E6A300ED784E /* RegistrationIncompleteViewController.swift */,
				CBF9850E1AAE010500C4F721 /* LoginViewController.swift */,
				CB81E92F1AAA21F70071C2D2 /* AppDelegate.swift */,
				CB81E9311AAA21F70071C2D2 /* FirstViewController.swift */,
				CB81E9331AAA21F70071C2D2 /* SecondViewController.swift */,
				CB81E9351AAA21F70071C2D2 /* Main.storyboard */,
				CBEAFA041AAA233C00C8A85A /* LogbookViewController.swift */,
				CBEAFA061AAA234B00C8A85A /* MapViewController.swift */,
				CB81E9381AAA21F70071C2D2 /* Images.xcassets */,
				CB81E93A1AAA21F70071C2D2 /* LaunchScreen.xib */,
				CB81E92D1AAA21F70071C2D2 /* Supporting Files */,
				CBD00BAC1AB0F79700ED784E /* Constants.swift */,
				93E701EF1AB0E6C800BD179E /* DataSync.swift */,
			);
			path = "eFins-iOS";
			sourceTree = "<group>";
		};
		CB81E92D1AAA21F70071C2D2 /* Supporting Files */ = {
			isa = PBXGroup;
			children = (
				CB81E92E1AAA21F70071C2D2 /* Info.plist */,
			);
			name = "Supporting Files";
			sourceTree = "<group>";
		};
		CB81E9441AAA21F80071C2D2 /* eFins-iOSTests */ = {
			isa = PBXGroup;
			children = (
				CB81E9471AAA21F80071C2D2 /* eFins_iOSTests.swift */,
				CB81E9451AAA21F80071C2D2 /* Supporting Files */,
			);
			path = "eFins-iOSTests";
			sourceTree = "<group>";
		};
		CB81E9451AAA21F80071C2D2 /* Supporting Files */ = {
			isa = PBXGroup;
			children = (
				CB81E9461AAA21F80071C2D2 /* Info.plist */,
			);
			name = "Supporting Files";
			sourceTree = "<group>";
		};
/* End PBXGroup section */

/* Begin PBXNativeTarget section */
		CB81E9291AAA21F70071C2D2 /* eFins-iOS */ = {
			isa = PBXNativeTarget;
			buildConfigurationList = CB81E94B1AAA21F80071C2D2 /* Build configuration list for PBXNativeTarget "eFins-iOS" */;
			buildPhases = (
				97108042EF291211B38FE43D /* Check Pods Manifest.lock */,
				CB81E9261AAA21F70071C2D2 /* Sources */,
				CB81E9271AAA21F70071C2D2 /* Frameworks */,
				CB81E9281AAA21F70071C2D2 /* Resources */,
				2818CD5D8DC24A88D932C9EF /* Embed Pods Frameworks */,
				B9C80EE28D68FAA6245F9ECC /* Copy Pods Resources */,
				935887531AB0D6A70089CDE8 /* Copy Frameworks */,
			);
			buildRules = (
			);
			dependencies = (
			);
			name = "eFins-iOS";
			productName = "eFins-iOS";
			productReference = CB81E92A1AAA21F70071C2D2 /* eFins-iOS.app */;
			productType = "com.apple.product-type.application";
		};
		CB81E9401AAA21F80071C2D2 /* eFins-iOSTests */ = {
			isa = PBXNativeTarget;
			buildConfigurationList = CB81E94E1AAA21F80071C2D2 /* Build configuration list for PBXNativeTarget "eFins-iOSTests" */;
			buildPhases = (
				CB81E93D1AAA21F80071C2D2 /* Sources */,
				CB81E93E1AAA21F80071C2D2 /* Frameworks */,
				CB81E93F1AAA21F80071C2D2 /* Resources */,
			);
			buildRules = (
			);
			dependencies = (
				CB81E9431AAA21F80071C2D2 /* PBXTargetDependency */,
			);
			name = "eFins-iOSTests";
			productName = "eFins-iOSTests";
			productReference = CB81E9411AAA21F80071C2D2 /* eFins-iOSTests.xctest */;
			productType = "com.apple.product-type.bundle.unit-test";
		};
/* End PBXNativeTarget section */

/* Begin PBXProject section */
		CB81E9221AAA21F70071C2D2 /* Project object */ = {
			isa = PBXProject;
			attributes = {
				LastUpgradeCheck = 0610;
				ORGANIZATIONNAME = "McClintock Lab";
				TargetAttributes = {
					CB81E9291AAA21F70071C2D2 = {
						CreatedOnToolsVersion = 6.1.1;
					};
					CB81E9401AAA21F80071C2D2 = {
						CreatedOnToolsVersion = 6.1.1;
						TestTargetID = CB81E9291AAA21F70071C2D2;
					};
				};
			};
			buildConfigurationList = CB81E9251AAA21F70071C2D2 /* Build configuration list for PBXProject "eFins-iOS" */;
			compatibilityVersion = "Xcode 3.2";
			developmentRegion = English;
			hasScannedForEncodings = 0;
			knownRegions = (
				en,
				Base,
			);
			mainGroup = CB81E9211AAA21F70071C2D2;
			productRefGroup = CB81E92B1AAA21F70071C2D2 /* Products */;
			projectDirPath = "";
			projectRoot = "";
			targets = (
				CB81E9291AAA21F70071C2D2 /* eFins-iOS */,
				CB81E9401AAA21F80071C2D2 /* eFins-iOSTests */,
			);
		};
/* End PBXProject section */

/* Begin PBXResourcesBuildPhase section */
		CB81E9281AAA21F70071C2D2 /* Resources */ = {
			isa = PBXResourcesBuildPhase;
			buildActionMask = 2147483647;
			files = (
				CBF9850F1AAE010500C4F721 /* Login.storyboard in Resources */,
				CB81E9371AAA21F70071C2D2 /* Main.storyboard in Resources */,
				CB81E93C1AAA21F70071C2D2 /* LaunchScreen.xib in Resources */,
				CB81E9391AAA21F70071C2D2 /* Images.xcassets in Resources */,
			);
			runOnlyForDeploymentPostprocessing = 0;
		};
		CB81E93F1AAA21F80071C2D2 /* Resources */ = {
			isa = PBXResourcesBuildPhase;
			buildActionMask = 2147483647;
			files = (
			);
			runOnlyForDeploymentPostprocessing = 0;
		};
/* End PBXResourcesBuildPhase section */

/* Begin PBXShellScriptBuildPhase section */
		2818CD5D8DC24A88D932C9EF /* Embed Pods Frameworks */ = {
			isa = PBXShellScriptBuildPhase;
			buildActionMask = 2147483647;
			files = (
			);
			inputPaths = (
			);
			name = "Embed Pods Frameworks";
			outputPaths = (
			);
			runOnlyForDeploymentPostprocessing = 0;
			shellPath = /bin/sh;
			shellScript = "\"${SRCROOT}/Pods/Target Support Files/Pods/Pods-frameworks.sh\"\n";
			showEnvVarsInLog = 0;
		};
		97108042EF291211B38FE43D /* Check Pods Manifest.lock */ = {
			isa = PBXShellScriptBuildPhase;
			buildActionMask = 2147483647;
			files = (
			);
			inputPaths = (
			);
			name = "Check Pods Manifest.lock";
			outputPaths = (
			);
			runOnlyForDeploymentPostprocessing = 0;
			shellPath = /bin/sh;
			shellScript = "diff \"${PODS_ROOT}/../Podfile.lock\" \"${PODS_ROOT}/Manifest.lock\" > /dev/null\nif [[ $? != 0 ]] ; then\n    cat << EOM\nerror: The sandbox is not in sync with the Podfile.lock. Run 'pod install' or update your CocoaPods installation.\nEOM\n    exit 1\nfi\n";
			showEnvVarsInLog = 0;
		};
		B9C80EE28D68FAA6245F9ECC /* Copy Pods Resources */ = {
			isa = PBXShellScriptBuildPhase;
			buildActionMask = 2147483647;
			files = (
			);
			inputPaths = (
			);
			name = "Copy Pods Resources";
			outputPaths = (
			);
			runOnlyForDeploymentPostprocessing = 0;
			shellPath = /bin/sh;
			shellScript = "\"${SRCROOT}/Pods/Target Support Files/Pods/Pods-resources.sh\"\n";
			showEnvVarsInLog = 0;
		};
/* End PBXShellScriptBuildPhase section */

/* Begin PBXSourcesBuildPhase section */
		CB81E9261AAA21F70071C2D2 /* Sources */ = {
			isa = PBXSourcesBuildPhase;
			buildActionMask = 2147483647;
			files = (
				CBF985101AAE010500C4F721 /* LoginViewController.swift in Sources */,
				CB81E9341AAA21F70071C2D2 /* SecondViewController.swift in Sources */,
				CB81E9301AAA21F70071C2D2 /* AppDelegate.swift in Sources */,
				93E701F01AB0E6C800BD179E /* DataSync.swift in Sources */,
				CBEAFA051AAA233C00C8A85A /* LogbookViewController.swift in Sources */,
				CBEAFA071AAA234B00C8A85A /* MapViewController.swift in Sources */,
				CB81E9321AAA21F70071C2D2 /* FirstViewController.swift in Sources */,
				CBD00BAB1AB0E6A300ED784E /* RegistrationIncompleteViewController.swift in Sources */,
				933454C41AB75C4A00E5C65E /* Agency.swift in Sources */,
				CBD00BAD1AB0F79700ED784E /* Constants.swift in Sources */,
				933454C51AB75C4A00E5C65E /* User.swift in Sources */,
			);
			runOnlyForDeploymentPostprocessing = 0;
		};
		CB81E93D1AAA21F80071C2D2 /* Sources */ = {
			isa = PBXSourcesBuildPhase;
			buildActionMask = 2147483647;
			files = (
				CB81E9481AAA21F80071C2D2 /* eFins_iOSTests.swift in Sources */,
			);
			runOnlyForDeploymentPostprocessing = 0;
		};
/* End PBXSourcesBuildPhase section */

/* Begin PBXTargetDependency section */
		CB81E9431AAA21F80071C2D2 /* PBXTargetDependency */ = {
			isa = PBXTargetDependency;
			target = CB81E9291AAA21F70071C2D2 /* eFins-iOS */;
			targetProxy = CB81E9421AAA21F80071C2D2 /* PBXContainerItemProxy */;
		};
/* End PBXTargetDependency section */

/* Begin PBXVariantGroup section */
		CB81E9351AAA21F70071C2D2 /* Main.storyboard */ = {
			isa = PBXVariantGroup;
			children = (
				CB81E9361AAA21F70071C2D2 /* Base */,
			);
			name = Main.storyboard;
			sourceTree = "<group>";
		};
		CB81E93A1AAA21F70071C2D2 /* LaunchScreen.xib */ = {
			isa = PBXVariantGroup;
			children = (
				CB81E93B1AAA21F70071C2D2 /* Base */,
			);
			name = LaunchScreen.xib;
			sourceTree = "<group>";
		};
/* End PBXVariantGroup section */

/* Begin XCBuildConfiguration section */
		CB81E9491AAA21F80071C2D2 /* Debug */ = {
			isa = XCBuildConfiguration;
			buildSettings = {
				ALWAYS_SEARCH_USER_PATHS = NO;
				CLANG_CXX_LANGUAGE_STANDARD = "gnu++0x";
				CLANG_CXX_LIBRARY = "libc++";
				CLANG_ENABLE_MODULES = YES;
				CLANG_ENABLE_OBJC_ARC = YES;
				CLANG_WARN_BOOL_CONVERSION = YES;
				CLANG_WARN_CONSTANT_CONVERSION = YES;
				CLANG_WARN_DIRECT_OBJC_ISA_USAGE = YES_ERROR;
				CLANG_WARN_EMPTY_BODY = YES;
				CLANG_WARN_ENUM_CONVERSION = YES;
				CLANG_WARN_INT_CONVERSION = YES;
				CLANG_WARN_OBJC_ROOT_CLASS = YES_ERROR;
				CLANG_WARN_UNREACHABLE_CODE = YES;
				CLANG_WARN__DUPLICATE_METHOD_MATCH = YES;
				"CODE_SIGN_IDENTITY[sdk=iphoneos*]" = "iPhone Developer";
				COPY_PHASE_STRIP = NO;
				ENABLE_STRICT_OBJC_MSGSEND = YES;
				GCC_C_LANGUAGE_STANDARD = gnu99;
				GCC_DYNAMIC_NO_PIC = NO;
				GCC_OPTIMIZATION_LEVEL = 0;
				GCC_PREPROCESSOR_DEFINITIONS = (
					"DEBUG=1",
					"$(inherited)",
				);
				GCC_SYMBOLS_PRIVATE_EXTERN = NO;
				GCC_WARN_64_TO_32_BIT_CONVERSION = YES;
				GCC_WARN_ABOUT_RETURN_TYPE = YES_ERROR;
				GCC_WARN_UNDECLARED_SELECTOR = YES;
				GCC_WARN_UNINITIALIZED_AUTOS = YES_AGGRESSIVE;
				GCC_WARN_UNUSED_FUNCTION = YES;
				GCC_WARN_UNUSED_VARIABLE = YES;
				IPHONEOS_DEPLOYMENT_TARGET = 8.1;
				MTL_ENABLE_DEBUG_INFO = YES;
				ONLY_ACTIVE_ARCH = YES;
				SDKROOT = iphoneos;
				SWIFT_OPTIMIZATION_LEVEL = "-Onone";
				TARGETED_DEVICE_FAMILY = 2;
			};
			name = Debug;
		};
		CB81E94A1AAA21F80071C2D2 /* Release */ = {
			isa = XCBuildConfiguration;
			buildSettings = {
				ALWAYS_SEARCH_USER_PATHS = NO;
				CLANG_CXX_LANGUAGE_STANDARD = "gnu++0x";
				CLANG_CXX_LIBRARY = "libc++";
				CLANG_ENABLE_MODULES = YES;
				CLANG_ENABLE_OBJC_ARC = YES;
				CLANG_WARN_BOOL_CONVERSION = YES;
				CLANG_WARN_CONSTANT_CONVERSION = YES;
				CLANG_WARN_DIRECT_OBJC_ISA_USAGE = YES_ERROR;
				CLANG_WARN_EMPTY_BODY = YES;
				CLANG_WARN_ENUM_CONVERSION = YES;
				CLANG_WARN_INT_CONVERSION = YES;
				CLANG_WARN_OBJC_ROOT_CLASS = YES_ERROR;
				CLANG_WARN_UNREACHABLE_CODE = YES;
				CLANG_WARN__DUPLICATE_METHOD_MATCH = YES;
				"CODE_SIGN_IDENTITY[sdk=iphoneos*]" = "iPhone Developer";
				COPY_PHASE_STRIP = YES;
				ENABLE_NS_ASSERTIONS = NO;
				ENABLE_STRICT_OBJC_MSGSEND = YES;
				GCC_C_LANGUAGE_STANDARD = gnu99;
				GCC_WARN_64_TO_32_BIT_CONVERSION = YES;
				GCC_WARN_ABOUT_RETURN_TYPE = YES_ERROR;
				GCC_WARN_UNDECLARED_SELECTOR = YES;
				GCC_WARN_UNINITIALIZED_AUTOS = YES_AGGRESSIVE;
				GCC_WARN_UNUSED_FUNCTION = YES;
				GCC_WARN_UNUSED_VARIABLE = YES;
				IPHONEOS_DEPLOYMENT_TARGET = 8.1;
				MTL_ENABLE_DEBUG_INFO = NO;
				SDKROOT = iphoneos;
				TARGETED_DEVICE_FAMILY = 2;
				VALIDATE_PRODUCT = YES;
			};
			name = Release;
		};
		CB81E94C1AAA21F80071C2D2 /* Debug */ = {
			isa = XCBuildConfiguration;
			baseConfigurationReference = 793C641AC78FACAF6D5F6BBD /* Pods.debug.xcconfig */;
			buildSettings = {
				ASSETCATALOG_COMPILER_APPICON_NAME = AppIcon;
				FRAMEWORK_SEARCH_PATHS = (
					"$(inherited)",
					"$(PROJECT_DIR)/Realm-dynamic-simulator",
					"$(PROJECT_DIR)/Realm-dynamic",
				);
				INFOPLIST_FILE = "eFins-iOS/Info.plist";
				IPHONEOS_DEPLOYMENT_TARGET = 8.1;
				LD_RUNPATH_SEARCH_PATHS = "$(inherited) @executable_path/Frameworks";
				OTHER_SWIFT_FLAGS = "\"-D\" \"COCOAPODS\" \"-D\" \"DEBUG_SERVER\"";
				PRODUCT_NAME = "$(TARGET_NAME)";
			};
			name = Debug;
		};
		CB81E94D1AAA21F80071C2D2 /* Release */ = {
			isa = XCBuildConfiguration;
			baseConfigurationReference = ECD4EECAA55731D96DE64EE3 /* Pods.release.xcconfig */;
			buildSettings = {
				ASSETCATALOG_COMPILER_APPICON_NAME = AppIcon;
				FRAMEWORK_SEARCH_PATHS = (
					"$(inherited)",
					"$(PROJECT_DIR)/Realm-dynamic-simulator",
					"$(PROJECT_DIR)/Realm-dynamic",
				);
				INFOPLIST_FILE = "eFins-iOS/Info.plist";
				IPHONEOS_DEPLOYMENT_TARGET = 8.1;
				LD_RUNPATH_SEARCH_PATHS = "$(inherited) @executable_path/Frameworks";
				LIBRARY_SEARCH_PATHS = (
					"$(inherited)",
					"$(PROJECT_DIR)/Realm-dynamic-simulator/Realm.framework",
				);
				PRODUCT_NAME = "$(TARGET_NAME)";
			};
			name = Release;
		};
		CB81E94F1AAA21F80071C2D2 /* Debug */ = {
			isa = XCBuildConfiguration;
			buildSettings = {
				BUNDLE_LOADER = "$(TEST_HOST)";
				FRAMEWORK_SEARCH_PATHS = (
					"$(SDKROOT)/Developer/Library/Frameworks",
					"$(inherited)",
				);
				GCC_PREPROCESSOR_DEFINITIONS = (
					"DEBUG=1",
					"$(inherited)",
				);
				INFOPLIST_FILE = "eFins-iOSTests/Info.plist";
				LD_RUNPATH_SEARCH_PATHS = "$(inherited) @executable_path/Frameworks @loader_path/Frameworks";
				PRODUCT_NAME = "$(TARGET_NAME)";
				TEST_HOST = "$(BUILT_PRODUCTS_DIR)/eFins-iOS.app/eFins-iOS";
			};
			name = Debug;
		};
		CB81E9501AAA21F80071C2D2 /* Release */ = {
			isa = XCBuildConfiguration;
			buildSettings = {
				BUNDLE_LOADER = "$(TEST_HOST)";
				FRAMEWORK_SEARCH_PATHS = (
					"$(SDKROOT)/Developer/Library/Frameworks",
					"$(inherited)",
				);
				INFOPLIST_FILE = "eFins-iOSTests/Info.plist";
				LD_RUNPATH_SEARCH_PATHS = "$(inherited) @executable_path/Frameworks @loader_path/Frameworks";
				PRODUCT_NAME = "$(TARGET_NAME)";
				TEST_HOST = "$(BUILT_PRODUCTS_DIR)/eFins-iOS.app/eFins-iOS";
			};
			name = Release;
		};
/* End XCBuildConfiguration section */

/* Begin XCConfigurationList section */
		CB81E9251AAA21F70071C2D2 /* Build configuration list for PBXProject "eFins-iOS" */ = {
			isa = XCConfigurationList;
			buildConfigurations = (
				CB81E9491AAA21F80071C2D2 /* Debug */,
				CB81E94A1AAA21F80071C2D2 /* Release */,
			);
			defaultConfigurationIsVisible = 0;
			defaultConfigurationName = Release;
		};
		CB81E94B1AAA21F80071C2D2 /* Build configuration list for PBXNativeTarget "eFins-iOS" */ = {
			isa = XCConfigurationList;
			buildConfigurations = (
				CB81E94C1AAA21F80071C2D2 /* Debug */,
				CB81E94D1AAA21F80071C2D2 /* Release */,
			);
			defaultConfigurationIsVisible = 0;
			defaultConfigurationName = Release;
		};
		CB81E94E1AAA21F80071C2D2 /* Build configuration list for PBXNativeTarget "eFins-iOSTests" */ = {
			isa = XCConfigurationList;
			buildConfigurations = (
				CB81E94F1AAA21F80071C2D2 /* Debug */,
				CB81E9501AAA21F80071C2D2 /* Release */,
			);
			defaultConfigurationIsVisible = 0;
			defaultConfigurationName = Release;
		};
/* End XCConfigurationList section */
	};
	rootObject = CB81E9221AAA21F70071C2D2 /* Project object */;
}
